<?xml version="1.0" encoding="utf-8"?>
<Project ToolsVersion="4.0" xmlns="http://schemas.microsoft.com/developer/msbuild/2003">
  <ItemGroup>
    <Filter Include="ソース ファイル">
      <UniqueIdentifier>{4FC737F1-C7A5-4376-A066-2A32D752A2FF}</UniqueIdentifier>
      <Extensions>cpp;c;cc;cxx;c++;cppm;ixx;def;odl;idl;hpj;bat;asm;asmx</Extensions>
    </Filter>
    <Filter Include="ヘッダー ファイル">
      <UniqueIdentifier>{93995380-89BD-4b04-88EB-625FBE52EBFB}</UniqueIdentifier>
      <Extensions>h;hh;hpp;hxx;h++;hm;inl;inc;ipp;xsd</Extensions>
    </Filter>
    <Filter Include="リソース ファイル">
      <UniqueIdentifier>{67DA6AB6-F800-4c08-8B7A-83BB121AAD01}</UniqueIdentifier>
      <Extensions>rc;ico;cur;bmp;dlg;rc2;rct;bin;rgs;gif;jpg;jpeg;jpe;resx;tiff;tif;png;wav;mfcribbon-ms</Extensions>
    </Filter>
    <Filter Include="ソース ファイル\Scene">
      <UniqueIdentifier>{f1650e0b-5cfa-44df-b025-6a54761845ac}</UniqueIdentifier>
    </Filter>
    <Filter Include="ヘッダー ファイル\Scene">
      <UniqueIdentifier>{bbdde9ba-bad8-4505-af6f-3f3b4257221c}</UniqueIdentifier>
    </Filter>
    <Filter Include="リソース ファイル\Shader">
      <UniqueIdentifier>{08301f63-91b8-4ca2-ac36-0f9ff5c6fcf3}</UniqueIdentifier>
    </Filter>
  </ItemGroup>
  <ItemGroup>
    <ClCompile Include="application.cpp">
      <Filter>ソース ファイル</Filter>
    </ClCompile>
    <ClCompile Include="create_program.cpp">
      <Filter>ソース ファイル</Filter>
    </ClCompile>
    <ClCompile Include="exposure_pass.cpp">
      <Filter>ソース ファイル</Filter>
    </ClCompile>
    <ClCompile Include="geometry_pass.cpp">
      <Filter>ソース ファイル</Filter>
    </ClCompile>
    <ClCompile Include="main.cpp">
      <Filter>ソース ファイル</Filter>
    </ClCompile>
    <ClCompile Include="tonemapping_pass.cpp">
      <Filter>ソース ファイル</Filter>
    </ClCompile>
    <ClCompile Include="camera.cpp">
      <Filter>ソース ファイル\Scene</Filter>
    </ClCompile>
    <ClCompile Include="directional_light.cpp">
      <Filter>ソース ファイル\Scene</Filter>
    </ClCompile>
    <ClCompile Include="directional_light_pass.cpp">
      <Filter>ソース ファイル\Scene</Filter>
    </ClCompile>
    <ClCompile Include="material.cpp">
      <Filter>ソース ファイル\Scene</Filter>
    </ClCompile>
    <ClCompile Include="mesh.cpp">
      <Filter>ソース ファイル\Scene</Filter>
    </ClCompile>
    <ClCompile Include="mesh_entity.cpp">
      <Filter>ソース ファイル\Scene</Filter>
    </ClCompile>
    <ClCompile Include="point_light_pass.cpp">
      <Filter>ソース ファイル\Scene</Filter>
    </ClCompile>
    <ClCompile Include="point_light.cpp">
      <Filter>ソース ファイル\Scene</Filter>
    </ClCompile>
    <ClCompile Include="scene.cpp">
      <Filter>ソース ファイル\Scene</Filter>
    </ClCompile>
    <ClCompile Include="scene_renderer.cpp">
      <Filter>ソース ファイル\Scene</Filter>
    </ClCompile>
    <ClCompile Include="spot_light.cpp">
      <Filter>ソース ファイル\Scene</Filter>
    </ClCompile>
    <ClCompile Include="spot_light_pass.cpp">
      <Filter>ソース ファイル\Scene</Filter>
    </ClCompile>
    <ClCompile Include="texture.cpp">
      <Filter>ソース ファイル\Scene</Filter>
    </ClCompile>
    <ClCompile Include="exr_texture.cpp">
      <Filter>ソース ファイル\Scene</Filter>
    </ClCompile>
    <ClCompile Include="sky_pass.cpp">
      <Filter>ソース ファイル\Scene</Filter>
    </ClCompile>
    <ClCompile Include="log_average_pass.cpp">
      <Filter>ソース ファイル\Scene</Filter>
    </ClCompile>
    <ClCompile Include="physically_based_camera.cpp">
      <Filter>ソース ファイル\Scene</Filter>
    </ClCompile>
  </ItemGroup>
  <ItemGroup>
    <ClInclude Include="application.h">
      <Filter>ヘッダー ファイル</Filter>
    </ClInclude>
    <ClInclude Include="create_program.h">
      <Filter>ヘッダー ファイル</Filter>
    </ClInclude>
    <ClInclude Include="exposure_pass.h">
      <Filter>ヘッダー ファイル</Filter>
    </ClInclude>
    <ClInclude Include="geometry_pass.h">
      <Filter>ヘッダー ファイル</Filter>
    </ClInclude>
    <ClInclude Include="tonemapping_pass.h">
      <Filter>ヘッダー ファイル</Filter>
    </ClInclude>
    <ClInclude Include="texture.h">
      <Filter>ヘッダー ファイル\Scene</Filter>
    </ClInclude>
    <ClInclude Include="spot_light_pass.h">
      <Filter>ヘッダー ファイル\Scene</Filter>
    </ClInclude>
    <ClInclude Include="spot_light.h">
      <Filter>ヘッダー ファイル\Scene</Filter>
    </ClInclude>
    <ClInclude Include="scene_renderer.h">
      <Filter>ヘッダー ファイル\Scene</Filter>
    </ClInclude>
    <ClInclude Include="point_light.h">
      <Filter>ヘッダー ファイル\Scene</Filter>
    </ClInclude>
    <ClInclude Include="point_light_pass.h">
      <Filter>ヘッダー ファイル\Scene</Filter>
    </ClInclude>
    <ClInclude Include="scene.h">
      <Filter>ヘッダー ファイル\Scene</Filter>
    </ClInclude>
    <ClInclude Include="mesh.h">
      <Filter>ヘッダー ファイル\Scene</Filter>
    </ClInclude>
    <ClInclude Include="mesh_entity.h">
      <Filter>ヘッダー ファイル\Scene</Filter>
    </ClInclude>
    <ClInclude Include="material.h">
      <Filter>ヘッダー ファイル\Scene</Filter>
    </ClInclude>
    <ClInclude Include="directional_light_pass.h">
      <Filter>ヘッダー ファイル\Scene</Filter>
    </ClInclude>
    <ClInclude Include="directional_light.h">
      <Filter>ヘッダー ファイル\Scene</Filter>
    </ClInclude>
    <ClInclude Include="camera.h">
      <Filter>ヘッダー ファイル\Scene</Filter>
    </ClInclude>
    <ClInclude Include="exr_texture.h">
      <Filter>ヘッダー ファイル\Scene</Filter>
    </ClInclude>
    <ClInclude Include="sky_pass.h">
      <Filter>ヘッダー ファイル\Scene</Filter>
    </ClInclude>
    <ClInclude Include="log_average_pass.h">
      <Filter>ヘッダー ファイル\Scene</Filter>
    </ClInclude>
    <ClInclude Include="physically_based_camera.h">
      <Filter>ヘッダー ファイル\Scene</Filter>
    </ClInclude>
  </ItemGroup>
  <ItemGroup>
    <None Include="shader\DirectionalLightPass.frag">
      <Filter>リソース ファイル\Shader</Filter>
    </None>
    <None Include="shader\DirectionalLightPass.vert">
      <Filter>リソース ファイル\Shader</Filter>
    </None>
    <None Include="shader\DirectionalLightShadowPass.frag">
      <Filter>リソース ファイル\Shader</Filter>
    </None>
    <None Include="shader\DirectionalLightShadowPass.vert">
      <Filter>リソース ファイル\Shader</Filter>
    </None>
    <None Include="shader\ExposurePass.frag">
      <Filter>リソース ファイル\Shader</Filter>
    </None>
    <None Include="shader\ExposurePass.vert">
      <Filter>リソース ファイル\Shader</Filter>
    </None>
    <None Include="shader\GeometryPass.frag">
      <Filter>リソース ファイル\Shader</Filter>
    </None>
    <None Include="shader\GeometryPass.vert">
      <Filter>リソース ファイル\Shader</Filter>
    </None>
    <None Include="shader\PointLightPass.frag">
      <Filter>リソース ファイル\Shader</Filter>
    </None>
    <None Include="shader\PointLightPass.vert">
      <Filter>リソース ファイル\Shader</Filter>
    </None>
    <None Include="shader\PointLightShadowPass.frag">
      <Filter>リソース ファイル\Shader</Filter>
    </None>
    <None Include="shader\PointLightShadowPass.geom">
      <Filter>リソース ファイル\Shader</Filter>
    </None>
    <None Include="shader\PointLightShadowPass.vert">
      <Filter>リソース ファイル\Shader</Filter>
    </None>
    <None Include="shader\PunctualLightStencilPass.frag">
      <Filter>リソース ファイル\Shader</Filter>
    </None>
    <None Include="shader\PunctualLightStencilPass.vert">
      <Filter>リソース ファイル\Shader</Filter>
    </None>
    <None Include="shader\SpotLightPass.frag">
      <Filter>リソース ファイル\Shader</Filter>
    </None>
    <None Include="shader\SpotLightPass.vert">
      <Filter>リソース ファイル\Shader</Filter>
    </None>
    <None Include="shader\SpotLightShadowPass.frag">
      <Filter>リソース ファイル\Shader</Filter>
    </None>
    <None Include="shader\SpotLightShadowPass.vert">
      <Filter>リソース ファイル\Shader</Filter>
    </None>
    <None Include="shader\TonemappingPass.frag">
      <Filter>リソース ファイル\Shader</Filter>
    </None>
    <None Include="shader\TonemappingPass.vert">
      <Filter>リソース ファイル\Shader</Filter>
    </None>
    <None Include="SkyPass.vert">
      <Filter>リソース ファイル\Shader</Filter>
    </None>
    <None Include="SkyPass.frag">
      <Filter>リソース ファイル\Shader</Filter>
    </None>
    <None Include="shader\LogAveragePass.vert">
      <Filter>リソース ファイル\Shader</Filter>
    </None>
    <None Include="shader\LogAveragePass.frag">
      <Filter>リソース ファイル\Shader</Filter>
    </None>
  </ItemGroup>
</Project>